// !$*UTF8*$!
{
	archiveVersion = 1;
	classes = {
	};
	objectVersion = 46;
	objects = {

/* Begin PBXBuildFile section */
		2E3D1F74620F28F8E14E28F7 /* Pods_SnapChat_Firebase.framework in Frameworks */ = {isa = PBXBuildFile; fileRef = FF9BAB948667E1ED2FD816F0 /* Pods_SnapChat_Firebase.framework */; };
		F72A4A0E1E2C01C400F7E7F1 /* AppDelegate.swift in Sources */ = {isa = PBXBuildFile; fileRef = F72A4A0D1E2C01C400F7E7F1 /* AppDelegate.swift */; };
		F72A4A131E2C01C400F7E7F1 /* Main.storyboard in Resources */ = {isa = PBXBuildFile; fileRef = F72A4A111E2C01C400F7E7F1 /* Main.storyboard */; };
		F72A4A151E2C01C400F7E7F1 /* Assets.xcassets in Resources */ = {isa = PBXBuildFile; fileRef = F72A4A141E2C01C400F7E7F1 /* Assets.xcassets */; };
		F72A4A181E2C01C400F7E7F1 /* LaunchScreen.storyboard in Resources */ = {isa = PBXBuildFile; fileRef = F72A4A161E2C01C400F7E7F1 /* LaunchScreen.storyboard */; };
		F755BF801E365BC80091F4EF /* SignupVC.swift in Sources */ = {isa = PBXBuildFile; fileRef = F755BF7F1E365BC70091F4EF /* SignupVC.swift */; };
		F755BF821E3663910091F4EF /* FancySignupView.swift in Sources */ = {isa = PBXBuildFile; fileRef = F755BF811E3663910091F4EF /* FancySignupView.swift */; };
		F7763F231E3A31D1005188BD /* ProfileImage.swift in Sources */ = {isa = PBXBuildFile; fileRef = F7763F221E3A31D1005188BD /* ProfileImage.swift */; };
		F7806E941E36FB7000E8AAB7 /* DataService.swift in Sources */ = {isa = PBXBuildFile; fileRef = F7806E931E36FB7000E8AAB7 /* DataService.swift */; };
		F7806E961E37A15300E8AAB7 /* UsersVC.swift in Sources */ = {isa = PBXBuildFile; fileRef = F7806E951E37A15300E8AAB7 /* UsersVC.swift */; };
		F7806E981E37A27000E8AAB7 /* UserCell.swift in Sources */ = {isa = PBXBuildFile; fileRef = F7806E971E37A27000E8AAB7 /* UserCell.swift */; };
		F7806E9A1E37A7E300E8AAB7 /* User.swift in Sources */ = {isa = PBXBuildFile; fileRef = F7806E991E37A7E300E8AAB7 /* User.swift */; };
		F7A417F91E3543C900739C48 /* GoogleService-Info.plist in Resources */ = {isa = PBXBuildFile; fileRef = F7A417F81E3543C900739C48 /* GoogleService-Info.plist */; };
		F7A417FB1E35611200739C48 /* FancyTextField.swift in Sources */ = {isa = PBXBuildFile; fileRef = F7A417FA1E35611200739C48 /* FancyTextField.swift */; };
		F7A417FD1E35647400739C48 /* FancyButton.swift in Sources */ = {isa = PBXBuildFile; fileRef = F7A417FC1E35647400739C48 /* FancyButton.swift */; };
		F7A417FF1E3579E900739C48 /* Signin.swift in Sources */ = {isa = PBXBuildFile; fileRef = F7A417FE1E3579E900739C48 /* Signin.swift */; };
		F7A418011E35AC7B00739C48 /* AuthService.swift in Sources */ = {isa = PBXBuildFile; fileRef = F7A418001E35AC7B00739C48 /* AuthService.swift */; };
		F7C48D431E32FD7F0038F7ED /* PreviewView.swift in Sources */ = {isa = PBXBuildFile; fileRef = F7C48D411E32FD7F0038F7ED /* PreviewView.swift */; };
		F7C48D441E32FD7F0038F7ED /* PhotoCaptureDelegate.swift in Sources */ = {isa = PBXBuildFile; fileRef = F7C48D421E32FD7F0038F7ED /* PhotoCaptureDelegate.swift */; };
		F7C48D461E32FDEC0038F7ED /* CameraVC.swift in Sources */ = {isa = PBXBuildFile; fileRef = F7C48D451E32FDEC0038F7ED /* CameraVC.swift */; };
/* End PBXBuildFile section */

/* Begin PBXFileReference section */
		C3E4645EB51AB9BA2B6D53CE /* Pods-SnapChat_Firebase.release.xcconfig */ = {isa = PBXFileReference; includeInIndex = 1; lastKnownFileType = text.xcconfig; name = "Pods-SnapChat_Firebase.release.xcconfig"; path = "Pods/Target Support Files/Pods-SnapChat_Firebase/Pods-SnapChat_Firebase.release.xcconfig"; sourceTree = "<group>"; };
		C6597B9965836EED88E3D5B1 /* Pods-SnapChat_Firebase.debug.xcconfig */ = {isa = PBXFileReference; includeInIndex = 1; lastKnownFileType = text.xcconfig; name = "Pods-SnapChat_Firebase.debug.xcconfig"; path = "Pods/Target Support Files/Pods-SnapChat_Firebase/Pods-SnapChat_Firebase.debug.xcconfig"; sourceTree = "<group>"; };
		F72A4A0A1E2C01C400F7E7F1 /* SnapChat_Firebase.app */ = {isa = PBXFileReference; explicitFileType = wrapper.application; includeInIndex = 0; path = SnapChat_Firebase.app; sourceTree = BUILT_PRODUCTS_DIR; };
		F72A4A0D1E2C01C400F7E7F1 /* AppDelegate.swift */ = {isa = PBXFileReference; lastKnownFileType = sourcecode.swift; path = AppDelegate.swift; sourceTree = "<group>"; };
		F72A4A121E2C01C400F7E7F1 /* Base */ = {isa = PBXFileReference; lastKnownFileType = file.storyboard; name = Base; path = Base.lproj/Main.storyboard; sourceTree = "<group>"; };
		F72A4A141E2C01C400F7E7F1 /* Assets.xcassets */ = {isa = PBXFileReference; lastKnownFileType = folder.assetcatalog; path = Assets.xcassets; sourceTree = "<group>"; };
		F72A4A171E2C01C400F7E7F1 /* Base */ = {isa = PBXFileReference; lastKnownFileType = file.storyboard; name = Base; path = Base.lproj/LaunchScreen.storyboard; sourceTree = "<group>"; };
		F72A4A191E2C01C400F7E7F1 /* Info.plist */ = {isa = PBXFileReference; lastKnownFileType = text.plist.xml; path = Info.plist; sourceTree = "<group>"; };
		F755BF7F1E365BC70091F4EF /* SignupVC.swift */ = {isa = PBXFileReference; fileEncoding = 4; lastKnownFileType = sourcecode.swift; path = SignupVC.swift; sourceTree = "<group>"; };
		F755BF811E3663910091F4EF /* FancySignupView.swift */ = {isa = PBXFileReference; fileEncoding = 4; lastKnownFileType = sourcecode.swift; path = FancySignupView.swift; sourceTree = "<group>"; };
		F7763F221E3A31D1005188BD /* ProfileImage.swift */ = {isa = PBXFileReference; fileEncoding = 4; lastKnownFileType = sourcecode.swift; path = ProfileImage.swift; sourceTree = "<group>"; };
		F7806E931E36FB7000E8AAB7 /* DataService.swift */ = {isa = PBXFileReference; fileEncoding = 4; lastKnownFileType = sourcecode.swift; path = DataService.swift; sourceTree = "<group>"; };
		F7806E951E37A15300E8AAB7 /* UsersVC.swift */ = {isa = PBXFileReference; fileEncoding = 4; lastKnownFileType = sourcecode.swift; path = UsersVC.swift; sourceTree = "<group>"; };
		F7806E971E37A27000E8AAB7 /* UserCell.swift */ = {isa = PBXFileReference; fileEncoding = 4; lastKnownFileType = sourcecode.swift; path = UserCell.swift; sourceTree = "<group>"; };
		F7806E991E37A7E300E8AAB7 /* User.swift */ = {isa = PBXFileReference; fileEncoding = 4; lastKnownFileType = sourcecode.swift; path = User.swift; sourceTree = "<group>"; };
		F7A417F81E3543C900739C48 /* GoogleService-Info.plist */ = {isa = PBXFileReference; fileEncoding = 4; lastKnownFileType = text.plist.xml; path = "GoogleService-Info.plist"; sourceTree = "<group>"; };
		F7A417FA1E35611200739C48 /* FancyTextField.swift */ = {isa = PBXFileReference; fileEncoding = 4; lastKnownFileType = sourcecode.swift; path = FancyTextField.swift; sourceTree = "<group>"; };
		F7A417FC1E35647400739C48 /* FancyButton.swift */ = {isa = PBXFileReference; fileEncoding = 4; lastKnownFileType = sourcecode.swift; path = FancyButton.swift; sourceTree = "<group>"; };
		F7A417FE1E3579E900739C48 /* Signin.swift */ = {isa = PBXFileReference; fileEncoding = 4; lastKnownFileType = sourcecode.swift; path = Signin.swift; sourceTree = "<group>"; };
		F7A418001E35AC7B00739C48 /* AuthService.swift */ = {isa = PBXFileReference; fileEncoding = 4; lastKnownFileType = sourcecode.swift; path = AuthService.swift; sourceTree = "<group>"; };
		F7C48D411E32FD7F0038F7ED /* PreviewView.swift */ = {isa = PBXFileReference; fileEncoding = 4; lastKnownFileType = sourcecode.swift; path = PreviewView.swift; sourceTree = "<group>"; };
		F7C48D421E32FD7F0038F7ED /* PhotoCaptureDelegate.swift */ = {isa = PBXFileReference; fileEncoding = 4; lastKnownFileType = sourcecode.swift; path = PhotoCaptureDelegate.swift; sourceTree = "<group>"; };
		F7C48D451E32FDEC0038F7ED /* CameraVC.swift */ = {isa = PBXFileReference; fileEncoding = 4; lastKnownFileType = sourcecode.swift; path = CameraVC.swift; sourceTree = "<group>"; };
		FF9BAB948667E1ED2FD816F0 /* Pods_SnapChat_Firebase.framework */ = {isa = PBXFileReference; explicitFileType = wrapper.framework; includeInIndex = 0; path = Pods_SnapChat_Firebase.framework; sourceTree = BUILT_PRODUCTS_DIR; };
/* End PBXFileReference section */

/* Begin PBXFrameworksBuildPhase section */
		F72A4A071E2C01C400F7E7F1 /* Frameworks */ = {
			isa = PBXFrameworksBuildPhase;
			buildActionMask = 2147483647;
			files = (
				2E3D1F74620F28F8E14E28F7 /* Pods_SnapChat_Firebase.framework in Frameworks */,
			);
			runOnlyForDeploymentPostprocessing = 0;
		};
/* End PBXFrameworksBuildPhase section */

/* Begin PBXGroup section */
		021C017CE1291380DF9A0313 /* Frameworks */ = {
			isa = PBXGroup;
			children = (
				FF9BAB948667E1ED2FD816F0 /* Pods_SnapChat_Firebase.framework */,
			);
			name = Frameworks;
			sourceTree = "<group>";
		};
		6853DBE7FAF756B2E0259144 /* Pods */ = {
			isa = PBXGroup;
			children = (
				C6597B9965836EED88E3D5B1 /* Pods-SnapChat_Firebase.debug.xcconfig */,
				C3E4645EB51AB9BA2B6D53CE /* Pods-SnapChat_Firebase.release.xcconfig */,
			);
			name = Pods;
			sourceTree = "<group>";
		};
		F72A4A011E2C01C300F7E7F1 = {
			isa = PBXGroup;
			children = (
				F72A4A0C1E2C01C400F7E7F1 /* SnapChat_Firebase */,
				F72A4A0B1E2C01C400F7E7F1 /* Products */,
				6853DBE7FAF756B2E0259144 /* Pods */,
				021C017CE1291380DF9A0313 /* Frameworks */,
			);
			sourceTree = "<group>";
		};
		F72A4A0B1E2C01C400F7E7F1 /* Products */ = {
			isa = PBXGroup;
			children = (
				F72A4A0A1E2C01C400F7E7F1 /* SnapChat_Firebase.app */,
			);
			name = Products;
			sourceTree = "<group>";
		};
		F72A4A0C1E2C01C400F7E7F1 /* SnapChat_Firebase */ = {
			isa = PBXGroup;
			children = (
				F755BF831E36CBD10091F4EF /* Services */,
				F7C48D401E32FD6E0038F7ED /* Protocol */,
				F72A4A211E2C035100F7E7F1 /* Model */,
				F72A4A201E2C034D00F7E7F1 /* View */,
				F72A4A1F1E2C034100F7E7F1 /* Controller */,
				F72A4A0D1E2C01C400F7E7F1 /* AppDelegate.swift */,
				F72A4A111E2C01C400F7E7F1 /* Main.storyboard */,
				F72A4A141E2C01C400F7E7F1 /* Assets.xcassets */,
				F72A4A161E2C01C400F7E7F1 /* LaunchScreen.storyboard */,
				F7A417F81E3543C900739C48 /* GoogleService-Info.plist */,
				F72A4A191E2C01C400F7E7F1 /* Info.plist */,
				F7806E991E37A7E300E8AAB7 /* User.swift */,
			);
			path = SnapChat_Firebase;
			sourceTree = "<group>";
		};
		F72A4A1F1E2C034100F7E7F1 /* Controller */ = {
			isa = PBXGroup;
			children = (
				F7C48D451E32FDEC0038F7ED /* CameraVC.swift */,
				F7A417FE1E3579E900739C48 /* Signin.swift */,
				F755BF7F1E365BC70091F4EF /* SignupVC.swift */,
				F7806E951E37A15300E8AAB7 /* UsersVC.swift */,
			);
			name = Controller;
			sourceTree = "<group>";
		};
		F72A4A201E2C034D00F7E7F1 /* View */ = {
			isa = PBXGroup;
			children = (
				F7C48D411E32FD7F0038F7ED /* PreviewView.swift */,
				F7A417FA1E35611200739C48 /* FancyTextField.swift */,
				F7A417FC1E35647400739C48 /* FancyButton.swift */,
				F755BF811E3663910091F4EF /* FancySignupView.swift */,
				F7806E971E37A27000E8AAB7 /* UserCell.swift */,
				F7763F221E3A31D1005188BD /* ProfileImage.swift */,
			);
			name = View;
			sourceTree = "<group>";
		};
		F72A4A211E2C035100F7E7F1 /* Model */ = {
			isa = PBXGroup;
			children = (
			);
			name = Model;
			sourceTree = "<group>";
		};
		F755BF831E36CBD10091F4EF /* Services */ = {
			isa = PBXGroup;
			children = (
				F7A418001E35AC7B00739C48 /* AuthService.swift */,
				F7806E931E36FB7000E8AAB7 /* DataService.swift */,
			);
			name = Services;
			sourceTree = "<group>";
		};
		F7C48D401E32FD6E0038F7ED /* Protocol */ = {
			isa = PBXGroup;
			children = (
				F7C48D421E32FD7F0038F7ED /* PhotoCaptureDelegate.swift */,
			);
			name = Protocol;
			sourceTree = "<group>";
		};
/* End PBXGroup section */

/* Begin PBXNativeTarget section */
		F72A4A091E2C01C400F7E7F1 /* SnapChat_Firebase */ = {
			isa = PBXNativeTarget;
			buildConfigurationList = F72A4A1C1E2C01C400F7E7F1 /* Build configuration list for PBXNativeTarget "SnapChat_Firebase" */;
			buildPhases = (
				6F7FBFFED0A963C8D24ED20D /* [CP] Check Pods Manifest.lock */,
				F72A4A061E2C01C400F7E7F1 /* Sources */,
				F72A4A071E2C01C400F7E7F1 /* Frameworks */,
				F72A4A081E2C01C400F7E7F1 /* Resources */,
				C74B54E41B6CDF66AD558E2F /* [CP] Embed Pods Frameworks */,
				7225EBFD0F659604AFE1B24C /* [CP] Copy Pods Resources */,
			);
			buildRules = (
			);
			dependencies = (
			);
			name = SnapChat_Firebase;
			productName = SnapChat_Firebase;
			productReference = F72A4A0A1E2C01C400F7E7F1 /* SnapChat_Firebase.app */;
			productType = "com.apple.product-type.application";
		};
/* End PBXNativeTarget section */

/* Begin PBXProject section */
		F72A4A021E2C01C300F7E7F1 /* Project object */ = {
			isa = PBXProject;
			attributes = {
				LastSwiftUpdateCheck = 0820;
				LastUpgradeCheck = 0820;
				ORGANIZATIONNAME = "Xiaoheng Pan";
				TargetAttributes = {
					F72A4A091E2C01C400F7E7F1 = {
						CreatedOnToolsVersion = 8.2.1;
						DevelopmentTeam = 45E7KT68K8;
						ProvisioningStyle = Automatic;
					};
				};
			};
			buildConfigurationList = F72A4A051E2C01C300F7E7F1 /* Build configuration list for PBXProject "SnapChat_Firebase" */;
			compatibilityVersion = "Xcode 3.2";
			developmentRegion = English;
			hasScannedForEncodings = 0;
			knownRegions = (
				en,
				Base,
			);
			mainGroup = F72A4A011E2C01C300F7E7F1;
			productRefGroup = F72A4A0B1E2C01C400F7E7F1 /* Products */;
			projectDirPath = "";
			projectRoot = "";
			targets = (
				F72A4A091E2C01C400F7E7F1 /* SnapChat_Firebase */,
			);
		};
/* End PBXProject section */

/* Begin PBXResourcesBuildPhase section */
		F72A4A081E2C01C400F7E7F1 /* Resources */ = {
			isa = PBXResourcesBuildPhase;
			buildActionMask = 2147483647;
			files = (
				F72A4A181E2C01C400F7E7F1 /* LaunchScreen.storyboard in Resources */,
				F7A417F91E3543C900739C48 /* GoogleService-Info.plist in Resources */,
				F72A4A151E2C01C400F7E7F1 /* Assets.xcassets in Resources */,
				F72A4A131E2C01C400F7E7F1 /* Main.storyboard in Resources */,
			);
			runOnlyForDeploymentPostprocessing = 0;
		};
/* End PBXResourcesBuildPhase section */

/* Begin PBXShellScriptBuildPhase section */
		6F7FBFFED0A963C8D24ED20D /* [CP] Check Pods Manifest.lock */ = {
			isa = PBXShellScriptBuildPhase;
			buildActionMask = 2147483647;
			files = (
			);
			inputPaths = (
			);
			name = "[CP] Check Pods Manifest.lock";
			outputPaths = (
			);
			runOnlyForDeploymentPostprocessing = 0;
			shellPath = /bin/sh;
			shellScript = "diff \"${PODS_ROOT}/../Podfile.lock\" \"${PODS_ROOT}/Manifest.lock\" > /dev/null\nif [ $? != 0 ] ; then\n    # print error to STDERR\n    echo \"error: The sandbox is not in sync with the Podfile.lock. Run 'pod install' or update your CocoaPods installation.\" >&2\n    exit 1\nfi\n";
			showEnvVarsInLog = 0;
		};
		7225EBFD0F659604AFE1B24C /* [CP] Copy Pods Resources */ = {
			isa = PBXShellScriptBuildPhase;
			buildActionMask = 2147483647;
			files = (
			);
			inputPaths = (
			);
			name = "[CP] Copy Pods Resources";
			outputPaths = (
			);
			runOnlyForDeploymentPostprocessing = 0;
			shellPath = /bin/sh;
			shellScript = "\"${SRCROOT}/Pods/Target Support Files/Pods-SnapChat_Firebase/Pods-SnapChat_Firebase-resources.sh\"\n";
			showEnvVarsInLog = 0;
		};
		C74B54E41B6CDF66AD558E2F /* [CP] Embed Pods Frameworks */ = {
			isa = PBXShellScriptBuildPhase;
			buildActionMask = 2147483647;
			files = (
			);
			inputPaths = (
			);
			name = "[CP] Embed Pods Frameworks";
			outputPaths = (
			);
			runOnlyForDeploymentPostprocessing = 0;
			shellPath = /bin/sh;
			shellScript = "\"${SRCROOT}/Pods/Target Support Files/Pods-SnapChat_Firebase/Pods-SnapChat_Firebase-frameworks.sh\"\n";
			showEnvVarsInLog = 0;
		};
/* End PBXShellScriptBuildPhase section */

/* Begin PBXSourcesBuildPhase section */
		F72A4A061E2C01C400F7E7F1 /* Sources */ = {
			isa = PBXSourcesBuildPhase;
			buildActionMask = 2147483647;
			files = (
				F7A418011E35AC7B00739C48 /* AuthService.swift in Sources */,
				F7C48D461E32FDEC0038F7ED /* CameraVC.swift in Sources */,
				F7806E941E36FB7000E8AAB7 /* DataService.swift in Sources */,
				F72A4A0E1E2C01C400F7E7F1 /* AppDelegate.swift in Sources */,
				F755BF821E3663910091F4EF /* FancySignupView.swift in Sources */,
				F7806E981E37A27000E8AAB7 /* UserCell.swift in Sources */,
				F7A417FD1E35647400739C48 /* FancyButton.swift in Sources */,
				F7806E9A1E37A7E300E8AAB7 /* User.swift in Sources */,
				F7A417FB1E35611200739C48 /* FancyTextField.swift in Sources */,
				F755BF801E365BC80091F4EF /* SignupVC.swift in Sources */,
				F7806E961E37A15300E8AAB7 /* UsersVC.swift in Sources */,
				F7C48D441E32FD7F0038F7ED /* PhotoCaptureDelegate.swift in Sources */,
				F7C48D431E32FD7F0038F7ED /* PreviewView.swift in Sources */,
				F7763F231E3A31D1005188BD /* ProfileImage.swift in Sources */,
				F7A417FF1E3579E900739C48 /* Signin.swift in Sources */,
			);
			runOnlyForDeploymentPostprocessing = 0;
		};
/* End PBXSourcesBuildPhase section */

/* Begin PBXVariantGroup section */
		F72A4A111E2C01C400F7E7F1 /* Main.storyboard */ = {
			isa = PBXVariantGroup;
			children = (
				F72A4A121E2C01C400F7E7F1 /* Base */,
			);
			name = Main.storyboard;
			sourceTree = "<group>";
		};
		F72A4A161E2C01C400F7E7F1 /* LaunchScreen.storyboard */ = {
			isa = PBXVariantGroup;
			children = (
				F72A4A171E2C01C400F7E7F1 /* Base */,
			);
			name = LaunchScreen.storyboard;
			sourceTree = "<group>";
		};
/* End PBXVariantGroup section */

/* Begin XCBuildConfiguration section */
		F72A4A1A1E2C01C400F7E7F1 /* Debug */ = {
			isa = XCBuildConfiguration;
			buildSettings = {
				ALWAYS_SEARCH_USER_PATHS = NO;
				CLANG_ANALYZER_NONNULL = YES;
				CLANG_CXX_LANGUAGE_STANDARD = "gnu++0x";
				CLANG_CXX_LIBRARY = "libc++";
				CLANG_ENABLE_MODULES = YES;
				CLANG_ENABLE_OBJC_ARC = YES;
				CLANG_WARN_BOOL_CONVERSION = YES;
				CLANG_WARN_CONSTANT_CONVERSION = YES;
				CLANG_WARN_DIRECT_OBJC_ISA_USAGE = YES_ERROR;
				CLANG_WARN_DOCUMENTATION_COMMENTS = YES;
				CLANG_WARN_EMPTY_BODY = YES;
				CLANG_WARN_ENUM_CONVERSION = YES;
				CLANG_WARN_INFINITE_RECURSION = YES;
				CLANG_WARN_INT_CONVERSION = YES;
				CLANG_WARN_OBJC_ROOT_CLASS = YES_ERROR;
				CLANG_WARN_SUSPICIOUS_MOVE = YES;
				CLANG_WARN_UNREACHABLE_CODE = YES;
				CLANG_WARN__DUPLICATE_METHOD_MATCH = YES;
				"CODE_SIGN_IDENTITY[sdk=iphoneos*]" = "iPhone Developer";
				COPY_PHASE_STRIP = NO;
				DEBUG_INFORMATION_FORMAT = dwarf;
				ENABLE_STRICT_OBJC_MSGSEND = YES;
				ENABLE_TESTABILITY = YES;
				GCC_C_LANGUAGE_STANDARD = gnu99;
				GCC_DYNAMIC_NO_PIC = NO;
				GCC_NO_COMMON_BLOCKS = YES;
				GCC_OPTIMIZATION_LEVEL = 0;
				GCC_PREPROCESSOR_DEFINITIONS = (
					"DEBUG=1",
					"$(inherited)",
				);
				GCC_WARN_64_TO_32_BIT_CONVERSION = YES;
				GCC_WARN_ABOUT_RETURN_TYPE = YES_ERROR;
				GCC_WARN_UNDECLARED_SELECTOR = YES;
				GCC_WARN_UNINITIALIZED_AUTOS = YES_AGGRESSIVE;
				GCC_WARN_UNUSED_FUNCTION = YES;
				GCC_WARN_UNUSED_VARIABLE = YES;
				IPHONEOS_DEPLOYMENT_TARGET = 10.2;
				MTL_ENABLE_DEBUG_INFO = YES;
				ONLY_ACTIVE_ARCH = YES;
				SDKROOT = iphoneos;
				SWIFT_ACTIVE_COMPILATION_CONDITIONS = DEBUG;
				SWIFT_OPTIMIZATION_LEVEL = "-Onone";
			};
			name = Debug;
		};
		F72A4A1B1E2C01C400F7E7F1 /* Release */ = {
			isa = XCBuildConfiguration;
			buildSettings = {
				ALWAYS_SEARCH_USER_PATHS = NO;
				CLANG_ANALYZER_NONNULL = YES;
				CLANG_CXX_LANGUAGE_STANDARD = "gnu++0x";
				CLANG_CXX_LIBRARY = "libc++";
				CLANG_ENABLE_MODULES = YES;
				CLANG_ENABLE_OBJC_ARC = YES;
				CLANG_WARN_BOOL_CONVERSION = YES;
				CLANG_WARN_CONSTANT_CONVERSION = YES;
				CLANG_WARN_DIRECT_OBJC_ISA_USAGE = YES_ERROR;
				CLANG_WARN_DOCUMENTATION_COMMENTS = YES;
				CLANG_WARN_EMPTY_BODY = YES;
				CLANG_WARN_ENUM_CONVERSION = YES;
				CLANG_WARN_INFINITE_RECURSION = YES;
				CLANG_WARN_INT_CONVERSION = YES;
				CLANG_WARN_OBJC_ROOT_CLASS = YES_ERROR;
				CLANG_WARN_SUSPICIOUS_MOVE = YES;
				CLANG_WARN_UNREACHABLE_CODE = YES;
				CLANG_WARN__DUPLICATE_METHOD_MATCH = YES;
				"CODE_SIGN_IDENTITY[sdk=iphoneos*]" = "iPhone Developer";
				COPY_PHASE_STRIP = NO;
				DEBUG_INFORMATION_FORMAT = "dwarf-with-dsym";
				ENABLE_NS_ASSERTIONS = NO;
				ENABLE_STRICT_OBJC_MSGSEND = YES;
				GCC_C_LANGUAGE_STANDARD = gnu99;
				GCC_NO_COMMON_BLOCKS = YES;
				GCC_WARN_64_TO_32_BIT_CONVERSION = YES;
				GCC_WARN_ABOUT_RETURN_TYPE = YES_ERROR;
				GCC_WARN_UNDECLARED_SELECTOR = YES;
				GCC_WARN_UNINITIALIZED_AUTOS = YES_AGGRESSIVE;
				GCC_WARN_UNUSED_FUNCTION = YES;
				GCC_WARN_UNUSED_VARIABLE = YES;
				IPHONEOS_DEPLOYMENT_TARGET = 10.2;
				MTL_ENABLE_DEBUG_INFO = NO;
				SDKROOT = iphoneos;
				SWIFT_OPTIMIZATION_LEVEL = "-Owholemodule";
				VALIDATE_PRODUCT = YES;
			};
			name = Release;
		};
		F72A4A1D1E2C01C400F7E7F1 /* Debug */ = {
			isa = XCBuildConfiguration;
			baseConfigurationReference = C6597B9965836EED88E3D5B1 /* Pods-SnapChat_Firebase.debug.xcconfig */;
			buildSettings = {
				ASSETCATALOG_COMPILER_APPICON_NAME = AppIcon;
				DEVELOPMENT_TEAM = 45E7KT68K8;
				INFOPLIST_FILE = SnapChat_Firebase/Info.plist;
				LD_RUNPATH_SEARCH_PATHS = "$(inherited) @executable_path/Frameworks";
				PRODUCT_BUNDLE_IDENTIFIER = "domainxh.SnapChat-Firebase";
				PRODUCT_NAME = "$(TARGET_NAME)";
				SWIFT_VERSION = 3.0;
			};
			name = Debug;
		};
		F72A4A1E1E2C01C400F7E7F1 /* Release */ = {
			isa = XCBuildConfiguration;
			baseConfigurationReference = C3E4645EB51AB9BA2B6D53CE /* Pods-SnapChat_Firebase.release.xcconfig */;
			buildSettings = {
				ASSETCATALOG_COMPILER_APPICON_NAME = AppIcon;
				DEVELOPMENT_TEAM = 45E7KT68K8;
				INFOPLIST_FILE = SnapChat_Firebase/Info.plist;
				LD_RUNPATH_SEARCH_PATHS = "$(inherited) @executable_path/Frameworks";
				PRODUCT_BUNDLE_IDENTIFIER = "domainxh.SnapChat-Firebase";
				PRODUCT_NAME = "$(TARGET_NAME)";
				SWIFT_VERSION = 3.0;
			};
			name = Release;
		};
/* End XCBuildConfiguration section */

/* Begin XCConfigurationList section */
		F72A4A051E2C01C300F7E7F1 /* Build configuration list for PBXProject "SnapChat_Firebase" */ = {
			isa = XCConfigurationList;
			buildConfigurations = (
				F72A4A1A1E2C01C400F7E7F1 /* Debug */,
				F72A4A1B1E2C01C400F7E7F1 /* Release */,
			);
			defaultConfigurationIsVisible = 0;
			defaultConfigurationName = Release;
		};
		F72A4A1C1E2C01C400F7E7F1 /* Build configuration list for PBXNativeTarget "SnapChat_Firebase" */ = {
			isa = XCConfigurationList;
			buildConfigurations = (
				F72A4A1D1E2C01C400F7E7F1 /* Debug */,
				F72A4A1E1E2C01C400F7E7F1 /* Release */,
			);
			defaultConfigurationIsVisible = 0;
			defaultConfigurationName = Release;
		};
/* End XCConfigurationList section */
	};
	rootObject = F72A4A021E2C01C300F7E7F1 /* Project object */;
}
